# THIS IS AN AUTOGENERATED FILE. DO NOT EDIT THIS FILE DIRECTLY.
# yarn lockfile v1


"splitting@^1.0.6":
  "integrity" "sha512-2hYicS/hTy1MgjTi4ST6B298uoLSx854VfTf0FeMmCeE6OiZjEixTOGPLqnNzSaM/y3jwoEYj5pmDzYFwRInPw=="
  "resolved" "https://registry.npmjs.org/splitting/-/splitting-1.0.6.tgz"
  "version" "1.0.6"
